// !$*UTF8*$!
{
	archiveVersion = 1;
	classes = {
	};
	objectVersion = 46;
	objects = {

/* Begin PBXBuildFile section */
		6C82F06E1D38A3CE001BEB29 /* AppDelegate.swift in Sources */ = {isa = PBXBuildFile; fileRef = 6C82F06D1D38A3CE001BEB29 /* AppDelegate.swift */; };
		6C82F0701D38A3CE001BEB29 /* TipViewController.swift in Sources */ = {isa = PBXBuildFile; fileRef = 6C82F06F1D38A3CE001BEB29 /* TipViewController.swift */; };
		6C82F0731D38A3CE001BEB29 /* Main.storyboard in Resources */ = {isa = PBXBuildFile; fileRef = 6C82F0711D38A3CE001BEB29 /* Main.storyboard */; };
		6C82F0751D38A3CE001BEB29 /* Assets.xcassets in Resources */ = {isa = PBXBuildFile; fileRef = 6C82F0741D38A3CE001BEB29 /* Assets.xcassets */; };
		6C82F0781D38A3CE001BEB29 /* LaunchScreen.storyboard in Resources */ = {isa = PBXBuildFile; fileRef = 6C82F0761D38A3CE001BEB29 /* LaunchScreen.storyboard */; };
		6C82F0831D38A3CE001BEB29 /* iiTests.swift in Sources */ = {isa = PBXBuildFile; fileRef = 6C82F0821D38A3CE001BEB29 /* iiTests.swift */; };
		6C82F08E1D38A3CE001BEB29 /* iiUITests.swift in Sources */ = {isa = PBXBuildFile; fileRef = 6C82F08D1D38A3CE001BEB29 /* iiUITests.swift */; };
		6C82F09C1D38AB45001BEB29 /* SettingsViewController.swift in Sources */ = {isa = PBXBuildFile; fileRef = 6C82F09B1D38AB45001BEB29 /* SettingsViewController.swift */; };
		6C82F09E1D395D4B001BEB29 /* MainView.swift in Sources */ = {isa = PBXBuildFile; fileRef = 6C82F09D1D395D4B001BEB29 /* MainView.swift */; };
/* End PBXBuildFile section */

/* Begin PBXContainerItemProxy section */
		6C82F07F1D38A3CE001BEB29 /* PBXContainerItemProxy */ = {
			isa = PBXContainerItemProxy;
			containerPortal = 6C82F0621D38A3CE001BEB29 /* Project object */;
			proxyType = 1;
			remoteGlobalIDString = 6C82F0691D38A3CE001BEB29;
			remoteInfo = ii;
		};
		6C82F08A1D38A3CE001BEB29 /* PBXContainerItemProxy */ = {
			isa = PBXContainerItemProxy;
			containerPortal = 6C82F0621D38A3CE001BEB29 /* Project object */;
			proxyType = 1;
			remoteGlobalIDString = 6C82F0691D38A3CE001BEB29;
			remoteInfo = ii;
		};
/* End PBXContainerItemProxy section */

/* Begin PBXFileReference section */
		6C82F06A1D38A3CE001BEB29 /* ii.app */ = {isa = PBXFileReference; explicitFileType = wrapper.application; includeInIndex = 0; path = ii.app; sourceTree = BUILT_PRODUCTS_DIR; };
		6C82F06D1D38A3CE001BEB29 /* AppDelegate.swift */ = {isa = PBXFileReference; lastKnownFileType = sourcecode.swift; path = AppDelegate.swift; sourceTree = "<group>"; };
		6C82F06F1D38A3CE001BEB29 /* TipViewController.swift */ = {isa = PBXFileReference; lastKnownFileType = sourcecode.swift; path = TipViewController.swift; sourceTree = "<group>"; };
		6C82F0721D38A3CE001BEB29 /* Base */ = {isa = PBXFileReference; lastKnownFileType = file.storyboard; name = Base; path = Base.lproj/Main.storyboard; sourceTree = "<group>"; };
		6C82F0741D38A3CE001BEB29 /* Assets.xcassets */ = {isa = PBXFileReference; lastKnownFileType = folder.assetcatalog; path = Assets.xcassets; sourceTree = "<group>"; };
		6C82F0771D38A3CE001BEB29 /* Base */ = {isa = PBXFileReference; lastKnownFileType = file.storyboard; name = Base; path = Base.lproj/LaunchScreen.storyboard; sourceTree = "<group>"; };
		6C82F0791D38A3CE001BEB29 /* Info.plist */ = {isa = PBXFileReference; lastKnownFileType = text.plist.xml; path = Info.plist; sourceTree = "<group>"; };
		6C82F07E1D38A3CE001BEB29 /* iiTests.xctest */ = {isa = PBXFileReference; explicitFileType = wrapper.cfbundle; includeInIndex = 0; path = iiTests.xctest; sourceTree = BUILT_PRODUCTS_DIR; };
		6C82F0821D38A3CE001BEB29 /* iiTests.swift */ = {isa = PBXFileReference; lastKnownFileType = sourcecode.swift; path = iiTests.swift; sourceTree = "<group>"; };
		6C82F0841D38A3CE001BEB29 /* Info.plist */ = {isa = PBXFileReference; lastKnownFileType = text.plist.xml; path = Info.plist; sourceTree = "<group>"; };
		6C82F0891D38A3CE001BEB29 /* iiUITests.xctest */ = {isa = PBXFileReference; explicitFileType = wrapper.cfbundle; includeInIndex = 0; path = iiUITests.xctest; sourceTree = BUILT_PRODUCTS_DIR; };
		6C82F08D1D38A3CE001BEB29 /* iiUITests.swift */ = {isa = PBXFileReference; lastKnownFileType = sourcecode.swift; path = iiUITests.swift; sourceTree = "<group>"; };
		6C82F08F1D38A3CE001BEB29 /* Info.plist */ = {isa = PBXFileReference; lastKnownFileType = text.plist.xml; path = Info.plist; sourceTree = "<group>"; };
		6C82F09B1D38AB45001BEB29 /* SettingsViewController.swift */ = {isa = PBXFileReference; fileEncoding = 4; lastKnownFileType = sourcecode.swift; path = SettingsViewController.swift; sourceTree = "<group>"; };
		6C82F09D1D395D4B001BEB29 /* MainView.swift */ = {isa = PBXFileReference; fileEncoding = 4; lastKnownFileType = sourcecode.swift; name = MainView.swift; path = Views/MainView.swift; sourceTree = "<group>"; };
/* End PBXFileReference section */

/* Begin PBXFrameworksBuildPhase section */
		6C82F0671D38A3CE001BEB29 /* Frameworks */ = {
			isa = PBXFrameworksBuildPhase;
			buildActionMask = 2147483647;
			files = (
			);
			runOnlyForDeploymentPostprocessing = 0;
		};
		6C82F07B1D38A3CE001BEB29 /* Frameworks */ = {
			isa = PBXFrameworksBuildPhase;
			buildActionMask = 2147483647;
			files = (
			);
			runOnlyForDeploymentPostprocessing = 0;
		};
		6C82F0861D38A3CE001BEB29 /* Frameworks */ = {
			isa = PBXFrameworksBuildPhase;
			buildActionMask = 2147483647;
			files = (
			);
			runOnlyForDeploymentPostprocessing = 0;
		};
/* End PBXFrameworksBuildPhase section */

/* Begin PBXGroup section */
		6C82F0611D38A3CE001BEB29 = {
			isa = PBXGroup;
			children = (
				6C82F06C1D38A3CE001BEB29 /* ii */,
				6C82F0811D38A3CE001BEB29 /* iiTests */,
				6C82F08C1D38A3CE001BEB29 /* iiUITests */,
				6C82F06B1D38A3CE001BEB29 /* Products */,
			);
			sourceTree = "<group>";
		};
		6C82F06B1D38A3CE001BEB29 /* Products */ = {
			isa = PBXGroup;
			children = (
				6C82F06A1D38A3CE001BEB29 /* ii.app */,
				6C82F07E1D38A3CE001BEB29 /* iiTests.xctest */,
				6C82F0891D38A3CE001BEB29 /* iiUITests.xctest */,
			);
			name = Products;
			sourceTree = "<group>";
		};
		6C82F06C1D38A3CE001BEB29 /* ii */ = {
			isa = PBXGroup;
			children = (
				6C82F09F1D395D57001BEB29 /* Views */,
				6C82F06D1D38A3CE001BEB29 /* AppDelegate.swift */,
				6C82F06F1D38A3CE001BEB29 /* TipViewController.swift */,
				6C82F0711D38A3CE001BEB29 /* Main.storyboard */,
				6C82F0741D38A3CE001BEB29 /* Assets.xcassets */,
				6C82F0761D38A3CE001BEB29 /* LaunchScreen.storyboard */,
				6C82F0791D38A3CE001BEB29 /* Info.plist */,
				6C82F09B1D38AB45001BEB29 /* SettingsViewController.swift */,
			);
			path = ii;
			sourceTree = "<group>";
		};
		6C82F0811D38A3CE001BEB29 /* iiTests */ = {
			isa = PBXGroup;
			children = (
				6C82F0821D38A3CE001BEB29 /* iiTests.swift */,
				6C82F0841D38A3CE001BEB29 /* Info.plist */,
			);
			path = iiTests;
			sourceTree = "<group>";
		};
		6C82F08C1D38A3CE001BEB29 /* iiUITests */ = {
			isa = PBXGroup;
			children = (
				6C82F08D1D38A3CE001BEB29 /* iiUITests.swift */,
				6C82F08F1D38A3CE001BEB29 /* Info.plist */,
			);
			path = iiUITests;
			sourceTree = "<group>";
		};
		6C82F09F1D395D57001BEB29 /* Views */ = {
			isa = PBXGroup;
			children = (
				6C82F09D1D395D4B001BEB29 /* MainView.swift */,
			);
			name = Views;
			sourceTree = "<group>";
		};
/* End PBXGroup section */

/* Begin PBXNativeTarget section */
		6C82F0691D38A3CE001BEB29 /* ii */ = {
			isa = PBXNativeTarget;
			buildConfigurationList = 6C82F0921D38A3CE001BEB29 /* Build configuration list for PBXNativeTarget "ii" */;
			buildPhases = (
				6C82F0661D38A3CE001BEB29 /* Sources */,
				6C82F0671D38A3CE001BEB29 /* Frameworks */,
				6C82F0681D38A3CE001BEB29 /* Resources */,
			);
			buildRules = (
			);
			dependencies = (
			);
			name = ii;
			productName = ii;
			productReference = 6C82F06A1D38A3CE001BEB29 /* ii.app */;
			productType = "com.apple.product-type.application";
		};
		6C82F07D1D38A3CE001BEB29 /* iiTests */ = {
			isa = PBXNativeTarget;
			buildConfigurationList = 6C82F0951D38A3CE001BEB29 /* Build configuration list for PBXNativeTarget "iiTests" */;
			buildPhases = (
				6C82F07A1D38A3CE001BEB29 /* Sources */,
				6C82F07B1D38A3CE001BEB29 /* Frameworks */,
				6C82F07C1D38A3CE001BEB29 /* Resources */,
			);
			buildRules = (
			);
			dependencies = (
				6C82F0801D38A3CE001BEB29 /* PBXTargetDependency */,
			);
			name = iiTests;
			productName = iiTests;
			productReference = 6C82F07E1D38A3CE001BEB29 /* iiTests.xctest */;
			productType = "com.apple.product-type.bundle.unit-test";
		};
		6C82F0881D38A3CE001BEB29 /* iiUITests */ = {
			isa = PBXNativeTarget;
			buildConfigurationList = 6C82F0981D38A3CE001BEB29 /* Build configuration list for PBXNativeTarget "iiUITests" */;
			buildPhases = (
				6C82F0851D38A3CE001BEB29 /* Sources */,
				6C82F0861D38A3CE001BEB29 /* Frameworks */,
				6C82F0871D38A3CE001BEB29 /* Resources */,
			);
			buildRules = (
			);
			dependencies = (
				6C82F08B1D38A3CE001BEB29 /* PBXTargetDependency */,
			);
			name = iiUITests;
			productName = iiUITests;
			productReference = 6C82F0891D38A3CE001BEB29 /* iiUITests.xctest */;
			productType = "com.apple.product-type.bundle.ui-testing";
		};
/* End PBXNativeTarget section */

/* Begin PBXProject section */
		6C82F0621D38A3CE001BEB29 /* Project object */ = {
			isa = PBXProject;
			attributes = {
				LastSwiftUpdateCheck = 0730;
				LastUpgradeCheck = 0730;
				ORGANIZATIONNAME = Airbnb;
				TargetAttributes = {
					6C82F0691D38A3CE001BEB29 = {
						CreatedOnToolsVersion = 7.3.1;
					};
					6C82F07D1D38A3CE001BEB29 = {
						CreatedOnToolsVersion = 7.3.1;
						TestTargetID = 6C82F0691D38A3CE001BEB29;
					};
					6C82F0881D38A3CE001BEB29 = {
						CreatedOnToolsVersion = 7.3.1;
						TestTargetID = 6C82F0691D38A3CE001BEB29;
					};
				};
			};
			buildConfigurationList = 6C82F0651D38A3CE001BEB29 /* Build configuration list for PBXProject "ii" */;
			compatibilityVersion = "Xcode 3.2";
			developmentRegion = English;
			hasScannedForEncodings = 0;
			knownRegions = (
				en,
				Base,
			);
			mainGroup = 6C82F0611D38A3CE001BEB29;
			productRefGroup = 6C82F06B1D38A3CE001BEB29 /* Products */;
			projectDirPath = "";
			projectRoot = "";
			targets = (
				6C82F0691D38A3CE001BEB29 /* ii */,
				6C82F07D1D38A3CE001BEB29 /* iiTests */,
				6C82F0881D38A3CE001BEB29 /* iiUITests */,
			);
		};
/* End PBXProject section */

/* Begin PBXResourcesBuildPhase section */
		6C82F0681D38A3CE001BEB29 /* Resources */ = {
			isa = PBXResourcesBuildPhase;
			buildActionMask = 2147483647;
			files = (
				6C82F0781D38A3CE001BEB29 /* LaunchScreen.storyboard in Resources */,
				6C82F0751D38A3CE001BEB29 /* Assets.xcassets in Resources */,
				6C82F0731D38A3CE001BEB29 /* Main.storyboard in Resources */,
			);
			runOnlyForDeploymentPostprocessing = 0;
		};
		6C82F07C1D38A3CE001BEB29 /* Resources */ = {
			isa = PBXResourcesBuildPhase;
			buildActionMask = 2147483647;
			files = (
			);
			runOnlyForDeploymentPostprocessing = 0;
		};
		6C82F0871D38A3CE001BEB29 /* Resources */ = {
			isa = PBXResourcesBuildPhase;
			buildActionMask = 2147483647;
			files = (
			);
			runOnlyForDeploymentPostprocessing = 0;
		};
/* End PBXResourcesBuildPhase section */

/* Begin PBXSourcesBuildPhase section */
		6C82F0661D38A3CE001BEB29 /* Sources */ = {
			isa = PBXSourcesBuildPhase;
			buildActionMask = 2147483647;
			files = (
				6C82F0701D38A3CE001BEB29 /* TipViewController.swift in Sources */,
				6C82F09E1D395D4B001BEB29 /* MainView.swift in Sources */,
				6C82F06E1D38A3CE001BEB29 /* AppDelegate.swift in Sources */,
				6C82F09C1D38AB45001BEB29 /* SettingsViewController.swift in Sources */,
			);
			runOnlyForDeploymentPostprocessing = 0;
		};
		6C82F07A1D38A3CE001BEB29 /* Sources */ = {
			isa = PBXSourcesBuildPhase;
			buildActionMask = 2147483647;
			files = (
				6C82F0831D38A3CE001BEB29 /* iiTests.swift in Sources */,
			);
			runOnlyForDeploymentPostprocessing = 0;
		};
		6C82F0851D38A3CE001BEB29 /* Sources */ = {
			isa = PBXSourcesBuildPhase;
			buildActionMask = 2147483647;
			files = (
				6C82F08E1D38A3CE001BEB29 /* iiUITests.swift in Sources */,
			);
			runOnlyForDeploymentPostprocessing = 0;
		};
/* End PBXSourcesBuildPhase section */

/* Begin PBXTargetDependency section */
		6C82F0801D38A3CE001BEB29 /* PBXTargetDependency */ = {
			isa = PBXTargetDependency;
			target = 6C82F0691D38A3CE001BEB29 /* ii */;
			targetProxy = 6C82F07F1D38A3CE001BEB29 /* PBXContainerItemProxy */;
		};
		6C82F08B1D38A3CE001BEB29 /* PBXTargetDependency */ = {
			isa = PBXTargetDependency;
			target = 6C82F0691D38A3CE001BEB29 /* ii */;
			targetProxy = 6C82F08A1D38A3CE001BEB29 /* PBXContainerItemProxy */;
		};
/* End PBXTargetDependency section */

/* Begin PBXVariantGroup section */
		6C82F0711D38A3CE001BEB29 /* Main.storyboard */ = {
			isa = PBXVariantGroup;
			children = (
				6C82F0721D38A3CE001BEB29 /* Base */,
			);
			name = Main.storyboard;
			sourceTree = "<group>";
		};
		6C82F0761D38A3CE001BEB29 /* LaunchScreen.storyboard */ = {
			isa = PBXVariantGroup;
			children = (
				6C82F0771D38A3CE001BEB29 /* Base */,
			);
			name = LaunchScreen.storyboard;
			sourceTree = "<group>";
		};
/* End PBXVariantGroup section */

/* Begin XCBuildConfiguration section */
		6C82F0901D38A3CE001BEB29 /* Debug */ = {
			isa = XCBuildConfiguration;
			buildSettings = {
				ALWAYS_SEARCH_USER_PATHS = NO;
				CLANG_ANALYZER_NONNULL = YES;
				CLANG_CXX_LANGUAGE_STANDARD = "gnu++0x";
				CLANG_CXX_LIBRARY = "libc++";
				CLANG_ENABLE_MODULES = YES;
				CLANG_ENABLE_OBJC_ARC = YES;
				CLANG_WARN_BOOL_CONVERSION = YES;
				CLANG_WARN_CONSTANT_CONVERSION = YES;
				CLANG_WARN_DIRECT_OBJC_ISA_USAGE = YES_ERROR;
				CLANG_WARN_EMPTY_BODY = YES;
				CLANG_WARN_ENUM_CONVERSION = YES;
				CLANG_WARN_INT_CONVERSION = YES;
				CLANG_WARN_OBJC_ROOT_CLASS = YES_ERROR;
				CLANG_WARN_UNREACHABLE_CODE = YES;
				CLANG_WARN__DUPLICATE_METHOD_MATCH = YES;
				"CODE_SIGN_IDENTITY[sdk=iphoneos*]" = "iPhone Developer";
				COPY_PHASE_STRIP = NO;
				DEBUG_INFORMATION_FORMAT = dwarf;
				ENABLE_STRICT_OBJC_MSGSEND = YES;
				ENABLE_TESTABILITY = YES;
				GCC_C_LANGUAGE_STANDARD = gnu99;
				GCC_DYNAMIC_NO_PIC = NO;
				GCC_NO_COMMON_BLOCKS = YES;
				GCC_OPTIMIZATION_LEVEL = 0;
				GCC_PREPROCESSOR_DEFINITIONS = (
					"DEBUG=1",
					"$(inherited)",
				);
				GCC_WARN_64_TO_32_BIT_CONVERSION = YES;
				GCC_WARN_ABOUT_RETURN_TYPE = YES_ERROR;
				GCC_WARN_UNDECLARED_SELECTOR = YES;
				GCC_WARN_UNINITIALIZED_AUTOS = YES_AGGRESSIVE;
				GCC_WARN_UNUSED_FUNCTION = YES;
				GCC_WARN_UNUSED_VARIABLE = YES;
				IPHONEOS_DEPLOYMENT_TARGET = 9.3;
				MTL_ENABLE_DEBUG_INFO = YES;
				ONLY_ACTIVE_ARCH = YES;
				SDKROOT = iphoneos;
				SWIFT_OPTIMIZATION_LEVEL = "-Onone";
			};
			name = Debug;
		};
		6C82F0911D38A3CE001BEB29 /* Release */ = {
			isa = XCBuildConfiguration;
			buildSettings = {
				ALWAYS_SEARCH_USER_PATHS = NO;
				CLANG_ANALYZER_NONNULL = YES;
				CLANG_CXX_LANGUAGE_STANDARD = "gnu++0x";
				CLANG_CXX_LIBRARY = "libc++";
				CLANG_ENABLE_MODULES = YES;
				CLANG_ENABLE_OBJC_ARC = YES;
				CLANG_WARN_BOOL_CONVERSION = YES;
				CLANG_WARN_CONSTANT_CONVERSION = YES;
				CLANG_WARN_DIRECT_OBJC_ISA_USAGE = YES_ERROR;
				CLANG_WARN_EMPTY_BODY = YES;
				CLANG_WARN_ENUM_CONVERSION = YES;
				CLANG_WARN_INT_CONVERSION = YES;
				CLANG_WARN_OBJC_ROOT_CLASS = YES_ERROR;
				CLANG_WARN_UNREACHABLE_CODE = YES;
				CLANG_WARN__DUPLICATE_METHOD_MATCH = YES;
				"CODE_SIGN_IDENTITY[sdk=iphoneos*]" = "iPhone Developer";
				COPY_PHASE_STRIP = NO;
				DEBUG_INFORMATION_FORMAT = "dwarf-with-dsym";
				ENABLE_NS_ASSERTIONS = NO;
				ENABLE_STRICT_OBJC_MSGSEND = YES;
				GCC_C_LANGUAGE_STANDARD = gnu99;
				GCC_NO_COMMON_BLOCKS = YES;
				GCC_WARN_64_TO_32_BIT_CONVERSION = YES;
				GCC_WARN_ABOUT_RETURN_TYPE = YES_ERROR;
				GCC_WARN_UNDECLARED_SELECTOR = YES;
				GCC_WARN_UNINITIALIZED_AUTOS = YES_AGGRESSIVE;
				GCC_WARN_UNUSED_FUNCTION = YES;
				GCC_WARN_UNUSED_VARIABLE = YES;
				IPHONEOS_DEPLOYMENT_TARGET = 9.3;
				MTL_ENABLE_DEBUG_INFO = NO;
				SDKROOT = iphoneos;
				VALIDATE_PRODUCT = YES;
			};
			name = Release;
		};
		6C82F0931D38A3CE001BEB29 /* Debug */ = {
			isa = XCBuildConfiguration;
			buildSettings = {
				ASSETCATALOG_COMPILER_APPICON_NAME = AppIcon;
				INFOPLIST_FILE = ii/Info.plist;
				LD_RUNPATH_SEARCH_PATHS = "$(inherited) @executable_path/Frameworks";
				PRODUCT_BUNDLE_IDENTIFIER = com.airbnb.ii;
				PRODUCT_NAME = "$(TARGET_NAME)";
			};
			name = Debug;
		};
		6C82F0941D38A3CE001BEB29 /* Release */ = {
			isa = XCBuildConfiguration;
			buildSettings = {
				ASSETCATALOG_COMPILER_APPICON_NAME = AppIcon;
				INFOPLIST_FILE = ii/Info.plist;
				LD_RUNPATH_SEARCH_PATHS = "$(inherited) @executable_path/Frameworks";
				PRODUCT_BUNDLE_IDENTIFIER = com.airbnb.ii;
				PRODUCT_NAME = "$(TARGET_NAME)";
			};
			name = Release;
		};
		6C82F0961D38A3CE001BEB29 /* Debug */ = {
			isa = XCBuildConfiguration;
			buildSettings = {
				BUNDLE_LOADER = "$(TEST_HOST)";
				INFOPLIST_FILE = iiTests/Info.plist;
				LD_RUNPATH_SEARCH_PATHS = "$(inherited) @executable_path/Frameworks @loader_path/Frameworks";
				PRODUCT_BUNDLE_IDENTIFIER = com.airbnb.iiTests;
				PRODUCT_NAME = "$(TARGET_NAME)";
				TEST_HOST = "$(BUILT_PRODUCTS_DIR)/ii.app/ii";
			};
			name = Debug;
		};
		6C82F0971D38A3CE001BEB29 /* Release */ = {
			isa = XCBuildConfiguration;
			buildSettings = {
				BUNDLE_LOADER = "$(TEST_HOST)";
				INFOPLIST_FILE = iiTests/Info.plist;
				LD_RUNPATH_SEARCH_PATHS = "$(inherited) @executable_path/Frameworks @loader_path/Frameworks";
				PRODUCT_BUNDLE_IDENTIFIER = com.airbnb.iiTests;
				PRODUCT_NAME = "$(TARGET_NAME)";
				TEST_HOST = "$(BUILT_PRODUCTS_DIR)/ii.app/ii";
			};
			name = Release;
		};
		6C82F0991D38A3CE001BEB29 /* Debug */ = {
			isa = XCBuildConfiguration;
			buildSettings = {
				INFOPLIST_FILE = iiUITests/Info.plist;
				LD_RUNPATH_SEARCH_PATHS = "$(inherited) @executable_path/Frameworks @loader_path/Frameworks";
				PRODUCT_BUNDLE_IDENTIFIER = com.airbnb.iiUITests;
				PRODUCT_NAME = "$(TARGET_NAME)";
				TEST_TARGET_NAME = ii;
			};
			name = Debug;
		};
		6C82F09A1D38A3CE001BEB29 /* Release */ = {
			isa = XCBuildConfiguration;
			buildSettings = {
				INFOPLIST_FILE = iiUITests/Info.plist;
				LD_RUNPATH_SEARCH_PATHS = "$(inherited) @executable_path/Frameworks @loader_path/Frameworks";
				PRODUCT_BUNDLE_IDENTIFIER = com.airbnb.iiUITests;
				PRODUCT_NAME = "$(TARGET_NAME)";
				TEST_TARGET_NAME = ii;
			};
			name = Release;
		};
/* End XCBuildConfiguration section */

/* Begin XCConfigurationList section */
		6C82F0651D38A3CE001BEB29 /* Build configuration list for PBXProject "ii" */ = {
			isa = XCConfigurationList;
			buildConfigurations = (
				6C82F0901D38A3CE001BEB29 /* Debug */,
				6C82F0911D38A3CE001BEB29 /* Release */,
			);
			defaultConfigurationIsVisible = 0;
			defaultConfigurationName = Release;
		};
		6C82F0921D38A3CE001BEB29 /* Build configuration list for PBXNativeTarget "ii" */ = {
			isa = XCConfigurationList;
			buildConfigurations = (
				6C82F0931D38A3CE001BEB29 /* Debug */,
				6C82F0941D38A3CE001BEB29 /* Release */,
			);
			defaultConfigurationIsVisible = 0;
		};
		6C82F0951D38A3CE001BEB29 /* Build configuration list for PBXNativeTarget "iiTests" */ = {
			isa = XCConfigurationList;
			buildConfigurations = (
				6C82F0961D38A3CE001BEB29 /* Debug */,
				6C82F0971D38A3CE001BEB29 /* Release */,
			);
			defaultConfigurationIsVisible = 0;
		};
		6C82F0981D38A3CE001BEB29 /* Build configuration list for PBXNativeTarget "iiUITests" */ = {
			isa = XCConfigurationList;
			buildConfigurations = (
				6C82F0991D38A3CE001BEB29 /* Debug */,
				6C82F09A1D38A3CE001BEB29 /* Release */,
			);
			defaultConfigurationIsVisible = 0;
		};
/* End XCConfigurationList section */
	};
	rootObject = 6C82F0621D38A3CE001BEB29 /* Project object */;
}
